
Microsoft Visual Studio Solution File, Format Version 12.00
# Visual Studio Version 16
VisualStudioVersion = 16.0.30309.148
MinimumVisualStudioVersion = 10.0.40219.1
Project("{9A19103F-16F7-4668-BE54-9A1E7A4F7556}") = "ProAgil.WebAPI", "ProAgil.WebAPI.csproj", "{2964F748-6C36-4025-A737-79B517A8F668}"
EndProject
Global
	GlobalSection(SolutionConfigurationPlatforms) = preSolution
		Debug|Any CPU = Debug|Any CPU
		Release|Any CPU = Release|Any CPU
	EndGlobalSection
	GlobalSection(ProjectConfigurationPlatforms) = postSolution
		{2964F748-6C36-4025-A737-79B517A8F668}.Debug|Any CPU.ActiveCfg = Debug|Any CPU
		{2964F748-6C36-4025-A737-79B517A8F668}.Debug|Any CPU.Build.0 = Debug|Any CPU
		{2964F748-6C36-4025-A737-79B517A8F668}.Release|Any CPU.ActiveCfg = Release|Any CPU
		{2964F748-6C36-4025-A737-79B517A8F668}.Release|Any CPU.Build.0 = Release|Any CPU
	EndGlobalSection
	GlobalSection(SolutionProperties) = preSolution
		HideSolutionNode = FALSE
	EndGlobalSection
	GlobalSection(ExtensibilityGlobals) = postSolution
		SolutionGuid = {B05F1BFC-8956-470B-BDFF-CAECCA2D710E}
	EndGlobalSection
EndGlobal
